
Microsoft Visual Studio Solution File, Format Version 12.00
# Visual Studio Version 16
VisualStudioVersion = 16.0.31402.337
MinimumVisualStudioVersion = 10.0.40219.1
Project("{FAE04EC0-301F-11D3-BF4B-00C04F79EFBC}") = "DependencyInjection_Sample", "DependencyInjection_Sample\DependencyInjection_Sample.csproj", "{CE8BA0BA-47FC-46D7-BEA7-56E441F3F583}"
EndProject
Project("{FAE04EC0-301F-11D3-BF4B-00C04F79EFBC}") = "ASPNETCOREMVC_Intro", "ASPNETCOREMVC_Intro\ASPNETCOREMVC_Intro.csproj", "{EE9C4EA7-4F67-4B3E-9939-2B81E4BA338D}"
EndProject
Project("{FAE04EC0-301F-11D3-BF4B-00C04F79EFBC}") = "ServiceCollectionAndServiceProviderSample", "ServiceCollectionAndServiceProviderSample\ServiceCollectionAndServiceProviderSample.csproj", "{0ADA1E0A-C10D-441D-8557-44808779B98D}"
EndProject
Project("{9A19103F-16F7-4668-BE54-9A1E7A4F7556}") = "DIScopeVsTransientVsSingletonSample", "DIScopeVsTransientVsSingletonSample\DIScopeVsTransientVsSingletonSample.csproj", "{CF61B1DD-FD0F-4422-9BF6-F5237E0E0C92}"
EndProject
Project("{2150E333-8FDC-42A3-9474-1A3956D46DE8}") = "Solution Items", "Solution Items", "{11B4441A-7FE2-4FEA-9733-DCF77C2151E2}"
	ProjectSection(SolutionItems) = preProject
		..\Agenda.md = ..\Agenda.md
		Questions.txt = Questions.txt
	EndProjectSection
EndProject
Project("{FAE04EC0-301F-11D3-BF4B-00C04F79EFBC}") = "ASPNETCOREMVC_RazorSamples", "ASPNETCOREMVC_RazorSamples\ASPNETCOREMVC_RazorSamples.csproj", "{34E5EDBE-92E8-4E78-ADD4-CF70E1201EC3}"
EndProject
Global
	GlobalSection(SolutionConfigurationPlatforms) = preSolution
		Debug|Any CPU = Debug|Any CPU
		Release|Any CPU = Release|Any CPU
	EndGlobalSection
	GlobalSection(ProjectConfigurationPlatforms) = postSolution
		{CE8BA0BA-47FC-46D7-BEA7-56E441F3F583}.Debug|Any CPU.ActiveCfg = Debug|Any CPU
		{CE8BA0BA-47FC-46D7-BEA7-56E441F3F583}.Debug|Any CPU.Build.0 = Debug|Any CPU
		{CE8BA0BA-47FC-46D7-BEA7-56E441F3F583}.Release|Any CPU.ActiveCfg = Release|Any CPU
		{CE8BA0BA-47FC-46D7-BEA7-56E441F3F583}.Release|Any CPU.Build.0 = Release|Any CPU
		{EE9C4EA7-4F67-4B3E-9939-2B81E4BA338D}.Debug|Any CPU.ActiveCfg = Debug|Any CPU
		{EE9C4EA7-4F67-4B3E-9939-2B81E4BA338D}.Debug|Any CPU.Build.0 = Debug|Any CPU
		{EE9C4EA7-4F67-4B3E-9939-2B81E4BA338D}.Release|Any CPU.ActiveCfg = Release|Any CPU
		{EE9C4EA7-4F67-4B3E-9939-2B81E4BA338D}.Release|Any CPU.Build.0 = Release|Any CPU
		{0ADA1E0A-C10D-441D-8557-44808779B98D}.Debug|Any CPU.ActiveCfg = Debug|Any CPU
		{0ADA1E0A-C10D-441D-8557-44808779B98D}.Debug|Any CPU.Build.0 = Debug|Any CPU
		{0ADA1E0A-C10D-441D-8557-44808779B98D}.Release|Any CPU.ActiveCfg = Release|Any CPU
		{0ADA1E0A-C10D-441D-8557-44808779B98D}.Release|Any CPU.Build.0 = Release|Any CPU
		{CF61B1DD-FD0F-4422-9BF6-F5237E0E0C92}.Debug|Any CPU.ActiveCfg = Debug|Any CPU
		{CF61B1DD-FD0F-4422-9BF6-F5237E0E0C92}.Debug|Any CPU.Build.0 = Debug|Any CPU
		{CF61B1DD-FD0F-4422-9BF6-F5237E0E0C92}.Release|Any CPU.ActiveCfg = Release|Any CPU
		{CF61B1DD-FD0F-4422-9BF6-F5237E0E0C92}.Release|Any CPU.Build.0 = Release|Any CPU
		{34E5EDBE-92E8-4E78-ADD4-CF70E1201EC3}.Debug|Any CPU.ActiveCfg = Debug|Any CPU
		{34E5EDBE-92E8-4E78-ADD4-CF70E1201EC3}.Debug|Any CPU.Build.0 = Debug|Any CPU
		{34E5EDBE-92E8-4E78-ADD4-CF70E1201EC3}.Release|Any CPU.ActiveCfg = Release|Any CPU
		{34E5EDBE-92E8-4E78-ADD4-CF70E1201EC3}.Release|Any CPU.Build.0 = Release|Any CPU
	EndGlobalSection
	GlobalSection(SolutionProperties) = preSolution
		HideSolutionNode = FALSE
	EndGlobalSection
	GlobalSection(ExtensibilityGlobals) = postSolution
		SolutionGuid = {96835239-F824-4DC9-856A-918297B9BF31}
	EndGlobalSection
EndGlobal
